
Microsoft Visual Studio Solution File, Format Version 12.00
# Visual Studio Version 17
VisualStudioVersion = 17.3.32922.545
MinimumVisualStudioVersion = 10.0.40219.1
Project("{8BC9CEB8-8B4A-11D0-8D11-00A0C91BC942}") = "Proyecto_SistemaCNC_Controller", "Ptoyecto_Grupo11_Controller\Ptoyecto_Grupo11_Controller.vcxproj", "{AD32A750-C7E3-49A1-9DAA-416F75D568BF}"
EndProject
Project("{8BC9CEB8-8B4A-11D0-8D11-00A0C91BC942}") = "Sistema_Control_CNC_VIEW", "Sistema_Control_CNC_VIEW\Sistema_Control_CNC_VIEW.vcxproj", "{7911790B-2249-4575-8C31-DBEBC671C9C4}"
EndProject
Project("{8BC9CEB8-8B4A-11D0-8D11-00A0C91BC942}") = "Proyecto_SistemaCNC_model", "Proyecto_SistemaCNC_model\Proyecto_SistemaCNC_model.vcxproj", "{78963AC9-2271-46B8-BD07-AC1A7F6C7591}"
EndProject
Global
	GlobalSection(SolutionConfigurationPlatforms) = preSolution
		Debug|x64 = Debug|x64
		Debug|x86 = Debug|x86
		Release|x64 = Release|x64
		Release|x86 = Release|x86
	EndGlobalSection
	GlobalSection(ProjectConfigurationPlatforms) = postSolution
		{AD32A750-C7E3-49A1-9DAA-416F75D568BF}.Debug|x64.ActiveCfg = Debug|x64
		{AD32A750-C7E3-49A1-9DAA-416F75D568BF}.Debug|x64.Build.0 = Debug|x64
		{AD32A750-C7E3-49A1-9DAA-416F75D568BF}.Debug|x86.ActiveCfg = Debug|Win32
		{AD32A750-C7E3-49A1-9DAA-416F75D568BF}.Debug|x86.Build.0 = Debug|Win32
		{AD32A750-C7E3-49A1-9DAA-416F75D568BF}.Release|x64.ActiveCfg = Release|x64
		{AD32A750-C7E3-49A1-9DAA-416F75D568BF}.Release|x64.Build.0 = Release|x64
		{AD32A750-C7E3-49A1-9DAA-416F75D568BF}.Release|x86.ActiveCfg = Release|Win32
		{AD32A750-C7E3-49A1-9DAA-416F75D568BF}.Release|x86.Build.0 = Release|Win32
		{7911790B-2249-4575-8C31-DBEBC671C9C4}.Debug|x64.ActiveCfg = Debug|x64
		{7911790B-2249-4575-8C31-DBEBC671C9C4}.Debug|x64.Build.0 = Debug|x64
		{7911790B-2249-4575-8C31-DBEBC671C9C4}.Debug|x86.ActiveCfg = Debug|Win32
		{7911790B-2249-4575-8C31-DBEBC671C9C4}.Debug|x86.Build.0 = Debug|Win32
		{7911790B-2249-4575-8C31-DBEBC671C9C4}.Release|x64.ActiveCfg = Release|x64
		{7911790B-2249-4575-8C31-DBEBC671C9C4}.Release|x64.Build.0 = Release|x64
		{7911790B-2249-4575-8C31-DBEBC671C9C4}.Release|x86.ActiveCfg = Release|Win32
		{7911790B-2249-4575-8C31-DBEBC671C9C4}.Release|x86.Build.0 = Release|Win32
		{78963AC9-2271-46B8-BD07-AC1A7F6C7591}.Debug|x64.ActiveCfg = Debug|x64
		{78963AC9-2271-46B8-BD07-AC1A7F6C7591}.Debug|x64.Build.0 = Debug|x64
		{78963AC9-2271-46B8-BD07-AC1A7F6C7591}.Debug|x86.ActiveCfg = Debug|Win32
		{78963AC9-2271-46B8-BD07-AC1A7F6C7591}.Debug|x86.Build.0 = Debug|Win32
		{78963AC9-2271-46B8-BD07-AC1A7F6C7591}.Release|x64.ActiveCfg = Release|x64
		{78963AC9-2271-46B8-BD07-AC1A7F6C7591}.Release|x64.Build.0 = Release|x64
		{78963AC9-2271-46B8-BD07-AC1A7F6C7591}.Release|x86.ActiveCfg = Release|Win32
		{78963AC9-2271-46B8-BD07-AC1A7F6C7591}.Release|x86.Build.0 = Release|Win32
	EndGlobalSection
	GlobalSection(SolutionProperties) = preSolution
		HideSolutionNode = FALSE
	EndGlobalSection
	GlobalSection(ExtensibilityGlobals) = postSolution
		SolutionGuid = {4CC330BE-C405-4A27-AF46-2D628AB1A952}
	EndGlobalSection
EndGlobal
